
Microsoft Visual Studio Solution File, Format Version 12.00
# Visual Studio Version 17
VisualStudioVersion = 17.14.36518.9 d17.14
MinimumVisualStudioVersion = 10.0.40219.1
Project("{FAE04EC0-301F-11D3-BF4B-00C04F79EFBC}") = "OOH.POD", "OOH.POD\OOH.POD.csproj", "{617643AB-C86D-4390-A6E6-48B64EF66F99}"
EndProject
Global
	GlobalSection(SolutionConfigurationPlatforms) = preSolution
		Debug|Any CPU = Debug|Any CPU
		Release|Any CPU = Release|Any CPU
	EndGlobalSection
	GlobalSection(ProjectConfigurationPlatforms) = postSolution
		{617643AB-C86D-4390-A6E6-48B64EF66F99}.Debug|Any CPU.ActiveCfg = Debug|Any CPU
		{617643AB-C86D-4390-A6E6-48B64EF66F99}.Debug|Any CPU.Build.0 = Debug|Any CPU
		{617643AB-C86D-4390-A6E6-48B64EF66F99}.Release|Any CPU.ActiveCfg = Release|Any CPU
		{617643AB-C86D-4390-A6E6-48B64EF66F99}.Release|Any CPU.Build.0 = Release|Any CPU
	EndGlobalSection
	GlobalSection(SolutionProperties) = preSolution
		HideSolutionNode = FALSE
	EndGlobalSection
	GlobalSection(ExtensibilityGlobals) = postSolution
		SolutionGuid = {39EE9816-9225-48CC-A422-B05F48590E4E}
	EndGlobalSection
EndGlobal
